// !$*UTF8*$!
{
	archiveVersion = 1;
	classes = {
	};
	objectVersion = 50;
	objects = {

/* Begin PBXBuildFile section */
		941A8B6F2592007E00E69CEE /* Network.swift in Sources */ = {isa = PBXBuildFile; fileRef = 941A8B6E2592007E00E69CEE /* Network.swift */; };
		941A8B89259205EB00E69CEE /* ErrorCode.swift in Sources */ = {isa = PBXBuildFile; fileRef = 941A8B88259205EB00E69CEE /* ErrorCode.swift */; };
		941A8B8E2592245100E69CEE /* ViewModelProtocol.swift in Sources */ = {isa = PBXBuildFile; fileRef = 941A8B8D2592245100E69CEE /* ViewModelProtocol.swift */; };
		941A8B932592285500E69CEE /* CategoryViewModel.swift in Sources */ = {isa = PBXBuildFile; fileRef = 941A8B922592285500E69CEE /* CategoryViewModel.swift */; };
		941A8B9B259229D800E69CEE /* CategoryView.swift in Sources */ = {isa = PBXBuildFile; fileRef = 941A8B9A259229D800E69CEE /* CategoryView.swift */; };
		941A8BAC25923BCC00E69CEE /* ExtensionCategoryView.swift in Sources */ = {isa = PBXBuildFile; fileRef = 941A8BAB25923BCC00E69CEE /* ExtensionCategoryView.swift */; };
		946156562589DC2C00037425 /* MainScrollView.swift in Sources */ = {isa = PBXBuildFile; fileRef = 946156552589DC2C00037425 /* MainScrollView.swift */; };
		9461D5D32594E4E7002EDE0B /* NetworkURL.swift in Sources */ = {isa = PBXBuildFile; fileRef = 9461D5D22594E4E7002EDE0B /* NetworkURL.swift */; };
		946232702583BDAF005EA0AD /* CategoryData.swift in Sources */ = {isa = PBXBuildFile; fileRef = 9462326F2583BDAF005EA0AD /* CategoryData.swift */; };
		9462327D2583BF3C005EA0AD /* DataStates.swift in Sources */ = {isa = PBXBuildFile; fileRef = 9462327C2583BF3C005EA0AD /* DataStates.swift */; };
		9462328E2583C2A0005EA0AD /* Downloadable.swift in Sources */ = {isa = PBXBuildFile; fileRef = 9462328D2583C2A0005EA0AD /* Downloadable.swift */; };
		947D50552582B51400BD1871 /* CategoryCollectionView.swift in Sources */ = {isa = PBXBuildFile; fileRef = 947D50542582B51400BD1871 /* CategoryCollectionView.swift */; };
		947D505A2582B98D00BD1871 /* MainSearchBar.swift in Sources */ = {isa = PBXBuildFile; fileRef = 947D50592582B98D00BD1871 /* MainSearchBar.swift */; };
		947D50672582BD4800BD1871 /* ExtensionCategoryViewController.swift in Sources */ = {isa = PBXBuildFile; fileRef = 947D50662582BD4800BD1871 /* ExtensionCategoryViewController.swift */; };
		94832575257910BF008D1449 /* CartViewController.swift in Sources */ = {isa = PBXBuildFile; fileRef = 94832574257910BF008D1449 /* CartViewController.swift */; };
		9483257A257910DF008D1449 /* ProductViewController.swift in Sources */ = {isa = PBXBuildFile; fileRef = 94832579257910DF008D1449 /* ProductViewController.swift */; };
		9483258825791633008D1449 /* LocationViewController.swift in Sources */ = {isa = PBXBuildFile; fileRef = 9483258725791633008D1449 /* LocationViewController.swift */; };
		9483258D25791714008D1449 /* StringEnums.swift in Sources */ = {isa = PBXBuildFile; fileRef = 9483258C25791714008D1449 /* StringEnums.swift */; };
		949148A3257F69B000498A87 /* SettingUserViewController.swift in Sources */ = {isa = PBXBuildFile; fileRef = 949148A2257F69B000498A87 /* SettingUserViewController.swift */; };
		949148AC257F8B2200498A87 /* CategoryCollectionViewCell.swift in Sources */ = {isa = PBXBuildFile; fileRef = 949148AB257F8B2200498A87 /* CategoryCollectionViewCell.swift */; };
		949ED42B25779BDB00FB69C3 /* AppDelegate.swift in Sources */ = {isa = PBXBuildFile; fileRef = 949ED42A25779BDB00FB69C3 /* AppDelegate.swift */; };
		949ED42D25779BDB00FB69C3 /* SceneDelegate.swift in Sources */ = {isa = PBXBuildFile; fileRef = 949ED42C25779BDB00FB69C3 /* SceneDelegate.swift */; };
		949ED43225779BDB00FB69C3 /* Main.storyboard in Resources */ = {isa = PBXBuildFile; fileRef = 949ED43025779BDB00FB69C3 /* Main.storyboard */; };
		949ED43425779BDC00FB69C3 /* Assets.xcassets in Resources */ = {isa = PBXBuildFile; fileRef = 949ED43325779BDC00FB69C3 /* Assets.xcassets */; };
		949ED43725779BDC00FB69C3 /* LaunchScreen.storyboard in Resources */ = {isa = PBXBuildFile; fileRef = 949ED43525779BDC00FB69C3 /* LaunchScreen.storyboard */; };
		949ED44225779BDC00FB69C3 /* SweetShopTests.swift in Sources */ = {isa = PBXBuildFile; fileRef = 949ED44125779BDC00FB69C3 /* SweetShopTests.swift */; };
		949ED44D25779BDC00FB69C3 /* SweetShopUITests.swift in Sources */ = {isa = PBXBuildFile; fileRef = 949ED44C25779BDC00FB69C3 /* SweetShopUITests.swift */; };
		94C41604258B66DD0097FC1C /* BunnerView.swift in Sources */ = {isa = PBXBuildFile; fileRef = 94C41603258B66DD0097FC1C /* BunnerView.swift */; };
		94E9E2152577CD2A00CD5281 /* UserViewController.swift in Sources */ = {isa = PBXBuildFile; fileRef = 94E9E2142577CD2A00CD5281 /* UserViewController.swift */; };
		94E9E21A2577D2EA00CD5281 /* CategoryViewController.swift in Sources */ = {isa = PBXBuildFile; fileRef = 94E9E2192577D2EA00CD5281 /* CategoryViewController.swift */; };
		94E9E21F2577DAB800CD5281 /* ClassNamePrintable.swift in Sources */ = {isa = PBXBuildFile; fileRef = 94E9E21E2577DAB800CD5281 /* ClassNamePrintable.swift */; };
		94F053E4257A4772008A598F /* TabBarController.swift in Sources */ = {isa = PBXBuildFile; fileRef = 94F053E3257A4772008A598F /* TabBarController.swift */; };
		94F053F4257A48CC008A598F /* NavigationViewController.swift in Sources */ = {isa = PBXBuildFile; fileRef = 94F053F3257A48CC008A598F /* NavigationViewController.swift */; };
/* End PBXBuildFile section */

/* Begin PBXContainerItemProxy section */
		949ED43E25779BDC00FB69C3 /* PBXContainerItemProxy */ = {
			isa = PBXContainerItemProxy;
			containerPortal = 949ED41F25779BDB00FB69C3 /* Project object */;
			proxyType = 1;
			remoteGlobalIDString = 949ED42625779BDB00FB69C3;
			remoteInfo = SweetShop;
		};
		949ED44925779BDC00FB69C3 /* PBXContainerItemProxy */ = {
			isa = PBXContainerItemProxy;
			containerPortal = 949ED41F25779BDB00FB69C3 /* Project object */;
			proxyType = 1;
			remoteGlobalIDString = 949ED42625779BDB00FB69C3;
			remoteInfo = SweetShop;
		};
/* End PBXContainerItemProxy section */

/* Begin PBXFileReference section */
		941A8B6E2592007E00E69CEE /* Network.swift */ = {isa = PBXFileReference; lastKnownFileType = sourcecode.swift; path = Network.swift; sourceTree = "<group>"; };
		941A8B88259205EB00E69CEE /* ErrorCode.swift */ = {isa = PBXFileReference; lastKnownFileType = sourcecode.swift; path = ErrorCode.swift; sourceTree = "<group>"; };
		941A8B8D2592245100E69CEE /* ViewModelProtocol.swift */ = {isa = PBXFileReference; lastKnownFileType = sourcecode.swift; path = ViewModelProtocol.swift; sourceTree = "<group>"; };
		941A8B922592285500E69CEE /* CategoryViewModel.swift */ = {isa = PBXFileReference; lastKnownFileType = sourcecode.swift; path = CategoryViewModel.swift; sourceTree = "<group>"; };
		941A8B9A259229D800E69CEE /* CategoryView.swift */ = {isa = PBXFileReference; lastKnownFileType = sourcecode.swift; path = CategoryView.swift; sourceTree = "<group>"; };
		941A8BAB25923BCC00E69CEE /* ExtensionCategoryView.swift */ = {isa = PBXFileReference; lastKnownFileType = sourcecode.swift; path = ExtensionCategoryView.swift; sourceTree = "<group>"; };
		946156552589DC2C00037425 /* MainScrollView.swift */ = {isa = PBXFileReference; lastKnownFileType = sourcecode.swift; path = MainScrollView.swift; sourceTree = "<group>"; };
		9461D5D22594E4E7002EDE0B /* NetworkURL.swift */ = {isa = PBXFileReference; lastKnownFileType = sourcecode.swift; path = NetworkURL.swift; sourceTree = "<group>"; };
		9462326F2583BDAF005EA0AD /* CategoryData.swift */ = {isa = PBXFileReference; lastKnownFileType = sourcecode.swift; path = CategoryData.swift; sourceTree = "<group>"; };
		9462327C2583BF3C005EA0AD /* DataStates.swift */ = {isa = PBXFileReference; lastKnownFileType = sourcecode.swift; path = DataStates.swift; sourceTree = "<group>"; };
		9462328D2583C2A0005EA0AD /* Downloadable.swift */ = {isa = PBXFileReference; lastKnownFileType = sourcecode.swift; path = Downloadable.swift; sourceTree = "<group>"; };
		947D50542582B51400BD1871 /* CategoryCollectionView.swift */ = {isa = PBXFileReference; lastKnownFileType = sourcecode.swift; path = CategoryCollectionView.swift; sourceTree = "<group>"; };
		947D50592582B98D00BD1871 /* MainSearchBar.swift */ = {isa = PBXFileReference; lastKnownFileType = sourcecode.swift; path = MainSearchBar.swift; sourceTree = "<group>"; };
		947D50662582BD4800BD1871 /* ExtensionCategoryViewController.swift */ = {isa = PBXFileReference; lastKnownFileType = sourcecode.swift; path = ExtensionCategoryViewController.swift; sourceTree = "<group>"; };
		94832574257910BF008D1449 /* CartViewController.swift */ = {isa = PBXFileReference; lastKnownFileType = sourcecode.swift; path = CartViewController.swift; sourceTree = "<group>"; };
		94832579257910DF008D1449 /* ProductViewController.swift */ = {isa = PBXFileReference; lastKnownFileType = sourcecode.swift; path = ProductViewController.swift; sourceTree = "<group>"; };
		9483258725791633008D1449 /* LocationViewController.swift */ = {isa = PBXFileReference; lastKnownFileType = sourcecode.swift; path = LocationViewController.swift; sourceTree = "<group>"; };
		9483258C25791714008D1449 /* StringEnums.swift */ = {isa = PBXFileReference; lastKnownFileType = sourcecode.swift; path = StringEnums.swift; sourceTree = "<group>"; };
		949148A2257F69B000498A87 /* SettingUserViewController.swift */ = {isa = PBXFileReference; lastKnownFileType = sourcecode.swift; path = SettingUserViewController.swift; sourceTree = "<group>"; };
		949148AB257F8B2200498A87 /* CategoryCollectionViewCell.swift */ = {isa = PBXFileReference; lastKnownFileType = sourcecode.swift; path = CategoryCollectionViewCell.swift; sourceTree = "<group>"; };
		949ED42725779BDB00FB69C3 /* SweetShop.app */ = {isa = PBXFileReference; explicitFileType = wrapper.application; includeInIndex = 0; path = SweetShop.app; sourceTree = BUILT_PRODUCTS_DIR; };
		949ED42A25779BDB00FB69C3 /* AppDelegate.swift */ = {isa = PBXFileReference; lastKnownFileType = sourcecode.swift; path = AppDelegate.swift; sourceTree = "<group>"; };
		949ED42C25779BDB00FB69C3 /* SceneDelegate.swift */ = {isa = PBXFileReference; lastKnownFileType = sourcecode.swift; path = SceneDelegate.swift; sourceTree = "<group>"; };
		949ED43125779BDB00FB69C3 /* Base */ = {isa = PBXFileReference; lastKnownFileType = file.storyboard; name = Base; path = Base.lproj/Main.storyboard; sourceTree = "<group>"; };
		949ED43325779BDC00FB69C3 /* Assets.xcassets */ = {isa = PBXFileReference; lastKnownFileType = folder.assetcatalog; path = Assets.xcassets; sourceTree = "<group>"; };
		949ED43625779BDC00FB69C3 /* Base */ = {isa = PBXFileReference; lastKnownFileType = file.storyboard; name = Base; path = Base.lproj/LaunchScreen.storyboard; sourceTree = "<group>"; };
		949ED43825779BDC00FB69C3 /* Info.plist */ = {isa = PBXFileReference; lastKnownFileType = text.plist.xml; path = Info.plist; sourceTree = "<group>"; };
		949ED43D25779BDC00FB69C3 /* SweetShopTests.xctest */ = {isa = PBXFileReference; explicitFileType = wrapper.cfbundle; includeInIndex = 0; path = SweetShopTests.xctest; sourceTree = BUILT_PRODUCTS_DIR; };
		949ED44125779BDC00FB69C3 /* SweetShopTests.swift */ = {isa = PBXFileReference; lastKnownFileType = sourcecode.swift; path = SweetShopTests.swift; sourceTree = "<group>"; };
		949ED44325779BDC00FB69C3 /* Info.plist */ = {isa = PBXFileReference; lastKnownFileType = text.plist.xml; path = Info.plist; sourceTree = "<group>"; };
		949ED44825779BDC00FB69C3 /* SweetShopUITests.xctest */ = {isa = PBXFileReference; explicitFileType = wrapper.cfbundle; includeInIndex = 0; path = SweetShopUITests.xctest; sourceTree = BUILT_PRODUCTS_DIR; };
		949ED44C25779BDC00FB69C3 /* SweetShopUITests.swift */ = {isa = PBXFileReference; lastKnownFileType = sourcecode.swift; path = SweetShopUITests.swift; sourceTree = "<group>"; };
		949ED44E25779BDC00FB69C3 /* Info.plist */ = {isa = PBXFileReference; lastKnownFileType = text.plist.xml; path = Info.plist; sourceTree = "<group>"; };
		94C41603258B66DD0097FC1C /* BunnerView.swift */ = {isa = PBXFileReference; lastKnownFileType = sourcecode.swift; path = BunnerView.swift; sourceTree = "<group>"; };
		94E9E2142577CD2A00CD5281 /* UserViewController.swift */ = {isa = PBXFileReference; lastKnownFileType = sourcecode.swift; path = UserViewController.swift; sourceTree = "<group>"; };
		94E9E2192577D2EA00CD5281 /* CategoryViewController.swift */ = {isa = PBXFileReference; lastKnownFileType = sourcecode.swift; path = CategoryViewController.swift; sourceTree = "<group>"; };
		94E9E21E2577DAB800CD5281 /* ClassNamePrintable.swift */ = {isa = PBXFileReference; lastKnownFileType = sourcecode.swift; path = ClassNamePrintable.swift; sourceTree = "<group>"; };
		94F053E3257A4772008A598F /* TabBarController.swift */ = {isa = PBXFileReference; lastKnownFileType = sourcecode.swift; path = TabBarController.swift; sourceTree = "<group>"; };
		94F053F3257A48CC008A598F /* NavigationViewController.swift */ = {isa = PBXFileReference; lastKnownFileType = sourcecode.swift; path = NavigationViewController.swift; sourceTree = "<group>"; };
/* End PBXFileReference section */

/* Begin PBXFrameworksBuildPhase section */
		949ED42425779BDB00FB69C3 /* Frameworks */ = {
			isa = PBXFrameworksBuildPhase;
			buildActionMask = 2147483647;
			files = (
			);
			runOnlyForDeploymentPostprocessing = 0;
		};
		949ED43A25779BDC00FB69C3 /* Frameworks */ = {
			isa = PBXFrameworksBuildPhase;
			buildActionMask = 2147483647;
			files = (
			);
			runOnlyForDeploymentPostprocessing = 0;
		};
		949ED44525779BDC00FB69C3 /* Frameworks */ = {
			isa = PBXFrameworksBuildPhase;
			buildActionMask = 2147483647;
			files = (
			);
			runOnlyForDeploymentPostprocessing = 0;
		};
/* End PBXFrameworksBuildPhase section */

/* Begin PBXGroup section */
		941A8B84259204C600E69CEE /* Network */ = {
			isa = PBXGroup;
			children = (
				941A8B6E2592007E00E69CEE /* Network.swift */,
				9461D5D22594E4E7002EDE0B /* NetworkURL.swift */,
			);
			path = Network;
			sourceTree = "<group>";
		};
		943718F4258B3B6E00080551 /* ViewController */ = {
			isa = PBXGroup;
			children = (
				94F053F3257A48CC008A598F /* NavigationViewController.swift */,
				94E9E2192577D2EA00CD5281 /* CategoryViewController.swift */,
				947D50662582BD4800BD1871 /* ExtensionCategoryViewController.swift */,
			);
			path = ViewController;
			sourceTree = "<group>";
		};
		945C2E9A2595F61000E6B918 /* ViewController */ = {
			isa = PBXGroup;
			children = (
				94832579257910DF008D1449 /* ProductViewController.swift */,
			);
			path = ViewController;
			sourceTree = "<group>";
		};
		946F03B12581699600D8DF86 /* MainModule */ = {
			isa = PBXGroup;
			children = (
				943718F4258B3B6E00080551 /* ViewController */,
				946F03C425816A3100D8DF86 /* ViewModel */,
				946F03C325816A2E00D8DF86 /* Model */,
				946F03C225816A2B00D8DF86 /* View */,
			);
			path = MainModule;
			sourceTree = "<group>";
		};
		946F03B2258169A600D8DF86 /* UserModule */ = {
			isa = PBXGroup;
			children = (
				946F03C125816A2600D8DF86 /* ViewModel */,
				946F03C025816A2300D8DF86 /* Model */,
				946F03B3258169B400D8DF86 /* View */,
			);
			path = UserModule;
			sourceTree = "<group>";
		};
		946F03B3258169B400D8DF86 /* View */ = {
			isa = PBXGroup;
			children = (
				949148A2257F69B000498A87 /* SettingUserViewController.swift */,
				94E9E2142577CD2A00CD5281 /* UserViewController.swift */,
			);
			path = View;
			sourceTree = "<group>";
		};
		946F03B4258169B800D8DF86 /* ProductModule */ = {
			isa = PBXGroup;
			children = (
				945C2E9A2595F61000E6B918 /* ViewController */,
				946F03BF25816A1900D8DF86 /* ViewModel */,
				946F03BE25816A1600D8DF86 /* Model */,
				946F03BD25816A1200D8DF86 /* View */,
			);
			path = ProductModule;
			sourceTree = "<group>";
		};
		946F03B5258169C900D8DF86 /* LocationModule */ = {
			isa = PBXGroup;
			children = (
				946F03BC25816A0900D8DF86 /* ViewModel */,
				946F03BB25816A0600D8DF86 /* Model */,
				946F03BA25816A0200D8DF86 /* View */,
			);
			path = LocationModule;
			sourceTree = "<group>";
		};
		946F03B6258169E600D8DF86 /* CartModule */ = {
			isa = PBXGroup;
			children = (
				946F03B9258169FB00D8DF86 /* ViewModel */,
				946F03B8258169F200D8DF86 /* Model */,
				946F03B7258169EE00D8DF86 /* View */,
			);
			path = CartModule;
			sourceTree = "<group>";
		};
		946F03B7258169EE00D8DF86 /* View */ = {
			isa = PBXGroup;
			children = (
				94832574257910BF008D1449 /* CartViewController.swift */,
			);
			path = View;
			sourceTree = "<group>";
		};
		946F03B8258169F200D8DF86 /* Model */ = {
			isa = PBXGroup;
			children = (
			);
			path = Model;
			sourceTree = "<group>";
		};
		946F03B9258169FB00D8DF86 /* ViewModel */ = {
			isa = PBXGroup;
			children = (
			);
			path = ViewModel;
			sourceTree = "<group>";
		};
		946F03BA25816A0200D8DF86 /* View */ = {
			isa = PBXGroup;
			children = (
				9483258725791633008D1449 /* LocationViewController.swift */,
			);
			path = View;
			sourceTree = "<group>";
		};
		946F03BB25816A0600D8DF86 /* Model */ = {
			isa = PBXGroup;
			children = (
			);
			path = Model;
			sourceTree = "<group>";
		};
		946F03BC25816A0900D8DF86 /* ViewModel */ = {
			isa = PBXGroup;
			children = (
			);
			path = ViewModel;
			sourceTree = "<group>";
		};
		946F03BD25816A1200D8DF86 /* View */ = {
			isa = PBXGroup;
			children = (
			);
			path = View;
			sourceTree = "<group>";
		};
		946F03BE25816A1600D8DF86 /* Model */ = {
			isa = PBXGroup;
			children = (
			);
			path = Model;
			sourceTree = "<group>";
		};
		946F03BF25816A1900D8DF86 /* ViewModel */ = {
			isa = PBXGroup;
			children = (
			);
			path = ViewModel;
			sourceTree = "<group>";
		};
		946F03C025816A2300D8DF86 /* Model */ = {
			isa = PBXGroup;
			children = (
			);
			path = Model;
			sourceTree = "<group>";
		};
		946F03C125816A2600D8DF86 /* ViewModel */ = {
			isa = PBXGroup;
			children = (
			);
			path = ViewModel;
			sourceTree = "<group>";
		};
		946F03C225816A2B00D8DF86 /* View */ = {
			isa = PBXGroup;
			children = (
				941A8B9A259229D800E69CEE /* CategoryView.swift */,
				941A8BAB25923BCC00E69CEE /* ExtensionCategoryView.swift */,
				94F053E3257A4772008A598F /* TabBarController.swift */,
				946156552589DC2C00037425 /* MainScrollView.swift */,
				94C41603258B66DD0097FC1C /* BunnerView.swift */,
				947D50542582B51400BD1871 /* CategoryCollectionView.swift */,
				949148AB257F8B2200498A87 /* CategoryCollectionViewCell.swift */,
				947D50592582B98D00BD1871 /* MainSearchBar.swift */,
			);
			path = View;
			sourceTree = "<group>";
		};
		946F03C325816A2E00D8DF86 /* Model */ = {
			isa = PBXGroup;
			children = (
				9462326F2583BDAF005EA0AD /* CategoryData.swift */,
			);
			path = Model;
			sourceTree = "<group>";
		};
		946F03C425816A3100D8DF86 /* ViewModel */ = {
			isa = PBXGroup;
			children = (
				941A8B922592285500E69CEE /* CategoryViewModel.swift */,
			);
			path = ViewModel;
			sourceTree = "<group>";
		};
		946F03C525816AA700D8DF86 /* Protocols */ = {
			isa = PBXGroup;
			children = (
				94E9E21E2577DAB800CD5281 /* ClassNamePrintable.swift */,
				9462328D2583C2A0005EA0AD /* Downloadable.swift */,
				941A8B8D2592245100E69CEE /* ViewModelProtocol.swift */,
			);
			path = Protocols;
			sourceTree = "<group>";
		};
		946F03C625816ACA00D8DF86 /* Enums */ = {
			isa = PBXGroup;
			children = (
				9483258C25791714008D1449 /* StringEnums.swift */,
				9462327C2583BF3C005EA0AD /* DataStates.swift */,
				941A8B88259205EB00E69CEE /* ErrorCode.swift */,
			);
			path = Enums;
			sourceTree = "<group>";
		};
		946F03C725816AD900D8DF86 /* Delegates */ = {
			isa = PBXGroup;
			children = (
				949ED42A25779BDB00FB69C3 /* AppDelegate.swift */,
				949ED42C25779BDB00FB69C3 /* SceneDelegate.swift */,
			);
			path = Delegates;
			sourceTree = "<group>";
		};
		949ED41E25779BDB00FB69C3 = {
			isa = PBXGroup;
			children = (
				949ED42925779BDB00FB69C3 /* SweetShop */,
				949ED44025779BDC00FB69C3 /* SweetShopTests */,
				949ED44B25779BDC00FB69C3 /* SweetShopUITests */,
				949ED42825779BDB00FB69C3 /* Products */,
			);
			sourceTree = "<group>";
		};
		949ED42825779BDB00FB69C3 /* Products */ = {
			isa = PBXGroup;
			children = (
				949ED42725779BDB00FB69C3 /* SweetShop.app */,
				949ED43D25779BDC00FB69C3 /* SweetShopTests.xctest */,
				949ED44825779BDC00FB69C3 /* SweetShopUITests.xctest */,
			);
			name = Products;
			sourceTree = "<group>";
		};
		949ED42925779BDB00FB69C3 /* SweetShop */ = {
			isa = PBXGroup;
			children = (
				941A8B84259204C600E69CEE /* Network */,
				946F03C725816AD900D8DF86 /* Delegates */,
				946F03C625816ACA00D8DF86 /* Enums */,
				946F03C525816AA700D8DF86 /* Protocols */,
				946F03B6258169E600D8DF86 /* CartModule */,
				946F03B5258169C900D8DF86 /* LocationModule */,
				946F03B4258169B800D8DF86 /* ProductModule */,
				946F03B2258169A600D8DF86 /* UserModule */,
				946F03B12581699600D8DF86 /* MainModule */,
				949ED43025779BDB00FB69C3 /* Main.storyboard */,
				949ED43325779BDC00FB69C3 /* Assets.xcassets */,
				949ED43525779BDC00FB69C3 /* LaunchScreen.storyboard */,
				949ED43825779BDC00FB69C3 /* Info.plist */,
			);
			path = SweetShop;
			sourceTree = "<group>";
		};
		949ED44025779BDC00FB69C3 /* SweetShopTests */ = {
			isa = PBXGroup;
			children = (
				949ED44125779BDC00FB69C3 /* SweetShopTests.swift */,
				949ED44325779BDC00FB69C3 /* Info.plist */,
			);
			path = SweetShopTests;
			sourceTree = "<group>";
		};
		949ED44B25779BDC00FB69C3 /* SweetShopUITests */ = {
			isa = PBXGroup;
			children = (
				949ED44C25779BDC00FB69C3 /* SweetShopUITests.swift */,
				949ED44E25779BDC00FB69C3 /* Info.plist */,
			);
			path = SweetShopUITests;
			sourceTree = "<group>";
		};
/* End PBXGroup section */

/* Begin PBXNativeTarget section */
		949ED42625779BDB00FB69C3 /* SweetShop */ = {
			isa = PBXNativeTarget;
			buildConfigurationList = 949ED45125779BDC00FB69C3 /* Build configuration list for PBXNativeTarget "SweetShop" */;
			buildPhases = (
				949ED42325779BDB00FB69C3 /* Sources */,
				949ED42425779BDB00FB69C3 /* Frameworks */,
				949ED42525779BDB00FB69C3 /* Resources */,
			);
			buildRules = (
			);
			dependencies = (
			);
			name = SweetShop;
			productName = SweetShop;
			productReference = 949ED42725779BDB00FB69C3 /* SweetShop.app */;
			productType = "com.apple.product-type.application";
		};
		949ED43C25779BDC00FB69C3 /* SweetShopTests */ = {
			isa = PBXNativeTarget;
			buildConfigurationList = 949ED45425779BDC00FB69C3 /* Build configuration list for PBXNativeTarget "SweetShopTests" */;
			buildPhases = (
				949ED43925779BDC00FB69C3 /* Sources */,
				949ED43A25779BDC00FB69C3 /* Frameworks */,
				949ED43B25779BDC00FB69C3 /* Resources */,
			);
			buildRules = (
			);
			dependencies = (
				949ED43F25779BDC00FB69C3 /* PBXTargetDependency */,
			);
			name = SweetShopTests;
			productName = SweetShopTests;
			productReference = 949ED43D25779BDC00FB69C3 /* SweetShopTests.xctest */;
			productType = "com.apple.product-type.bundle.unit-test";
		};
		949ED44725779BDC00FB69C3 /* SweetShopUITests */ = {
			isa = PBXNativeTarget;
			buildConfigurationList = 949ED45725779BDC00FB69C3 /* Build configuration list for PBXNativeTarget "SweetShopUITests" */;
			buildPhases = (
				949ED44425779BDC00FB69C3 /* Sources */,
				949ED44525779BDC00FB69C3 /* Frameworks */,
				949ED44625779BDC00FB69C3 /* Resources */,
			);
			buildRules = (
			);
			dependencies = (
				949ED44A25779BDC00FB69C3 /* PBXTargetDependency */,
			);
			name = SweetShopUITests;
			productName = SweetShopUITests;
			productReference = 949ED44825779BDC00FB69C3 /* SweetShopUITests.xctest */;
			productType = "com.apple.product-type.bundle.ui-testing";
		};
/* End PBXNativeTarget section */

/* Begin PBXProject section */
		949ED41F25779BDB00FB69C3 /* Project object */ = {
			isa = PBXProject;
			attributes = {
				LastSwiftUpdateCheck = 1220;
				LastUpgradeCheck = 1220;
				TargetAttributes = {
					949ED42625779BDB00FB69C3 = {
						CreatedOnToolsVersion = 12.2;
					};
					949ED43C25779BDC00FB69C3 = {
						CreatedOnToolsVersion = 12.2;
						TestTargetID = 949ED42625779BDB00FB69C3;
					};
					949ED44725779BDC00FB69C3 = {
						CreatedOnToolsVersion = 12.2;
						TestTargetID = 949ED42625779BDB00FB69C3;
					};
				};
			};
			buildConfigurationList = 949ED42225779BDB00FB69C3 /* Build configuration list for PBXProject "SweetShop" */;
			compatibilityVersion = "Xcode 9.3";
			developmentRegion = en;
			hasScannedForEncodings = 0;
			knownRegions = (
				en,
				Base,
			);
			mainGroup = 949ED41E25779BDB00FB69C3;
			productRefGroup = 949ED42825779BDB00FB69C3 /* Products */;
			projectDirPath = "";
			projectRoot = "";
			targets = (
				949ED42625779BDB00FB69C3 /* SweetShop */,
				949ED43C25779BDC00FB69C3 /* SweetShopTests */,
				949ED44725779BDC00FB69C3 /* SweetShopUITests */,
			);
		};
/* End PBXProject section */

/* Begin PBXResourcesBuildPhase section */
		949ED42525779BDB00FB69C3 /* Resources */ = {
			isa = PBXResourcesBuildPhase;
			buildActionMask = 2147483647;
			files = (
				949ED43725779BDC00FB69C3 /* LaunchScreen.storyboard in Resources */,
				949ED43425779BDC00FB69C3 /* Assets.xcassets in Resources */,
				949ED43225779BDB00FB69C3 /* Main.storyboard in Resources */,
			);
			runOnlyForDeploymentPostprocessing = 0;
		};
		949ED43B25779BDC00FB69C3 /* Resources */ = {
			isa = PBXResourcesBuildPhase;
			buildActionMask = 2147483647;
			files = (
			);
			runOnlyForDeploymentPostprocessing = 0;
		};
		949ED44625779BDC00FB69C3 /* Resources */ = {
			isa = PBXResourcesBuildPhase;
			buildActionMask = 2147483647;
			files = (
			);
			runOnlyForDeploymentPostprocessing = 0;
		};
/* End PBXResourcesBuildPhase section */

/* Begin PBXSourcesBuildPhase section */
		949ED42325779BDB00FB69C3 /* Sources */ = {
			isa = PBXSourcesBuildPhase;
			buildActionMask = 2147483647;
			files = (
				94E9E2152577CD2A00CD5281 /* UserViewController.swift in Sources */,
				94F053F4257A48CC008A598F /* NavigationViewController.swift in Sources */,
				941A8B6F2592007E00E69CEE /* Network.swift in Sources */,
				949ED42B25779BDB00FB69C3 /* AppDelegate.swift in Sources */,
				94832575257910BF008D1449 /* CartViewController.swift in Sources */,
				94F053E4257A4772008A598F /* TabBarController.swift in Sources */,
				941A8B8E2592245100E69CEE /* ViewModelProtocol.swift in Sources */,
				949ED42D25779BDB00FB69C3 /* SceneDelegate.swift in Sources */,
				949148AC257F8B2200498A87 /* CategoryCollectionViewCell.swift in Sources */,
				947D50672582BD4800BD1871 /* ExtensionCategoryViewController.swift in Sources */,
				94C41604258B66DD0097FC1C /* BunnerView.swift in Sources */,
				946156562589DC2C00037425 /* MainScrollView.swift in Sources */,
				9462328E2583C2A0005EA0AD /* Downloadable.swift in Sources */,
				9462327D2583BF3C005EA0AD /* DataStates.swift in Sources */,
				949148A3257F69B000498A87 /* SettingUserViewController.swift in Sources */,
				947D50552582B51400BD1871 /* CategoryCollectionView.swift in Sources */,
				9461D5D32594E4E7002EDE0B /* NetworkURL.swift in Sources */,
				94E9E21A2577D2EA00CD5281 /* CategoryViewController.swift in Sources */,
				946232702583BDAF005EA0AD /* CategoryData.swift in Sources */,
				9483258D25791714008D1449 /* StringEnums.swift in Sources */,
				9483257A257910DF008D1449 /* ProductViewController.swift in Sources */,
				94E9E21F2577DAB800CD5281 /* ClassNamePrintable.swift in Sources */,
				941A8BAC25923BCC00E69CEE /* ExtensionCategoryView.swift in Sources */,
				9483258825791633008D1449 /* LocationViewController.swift in Sources */,
				947D505A2582B98D00BD1871 /* MainSearchBar.swift in Sources */,
				941A8B932592285500E69CEE /* CategoryViewModel.swift in Sources */,
				941A8B89259205EB00E69CEE /* ErrorCode.swift in Sources */,
				941A8B9B259229D800E69CEE /* CategoryView.swift in Sources */,
			);
			runOnlyForDeploymentPostprocessing = 0;
		};
		949ED43925779BDC00FB69C3 /* Sources */ = {
			isa = PBXSourcesBuildPhase;
			buildActionMask = 2147483647;
			files = (
				949ED44225779BDC00FB69C3 /* SweetShopTests.swift in Sources */,
			);
			runOnlyForDeploymentPostprocessing = 0;
		};
		949ED44425779BDC00FB69C3 /* Sources */ = {
			isa = PBXSourcesBuildPhase;
			buildActionMask = 2147483647;
			files = (
				949ED44D25779BDC00FB69C3 /* SweetShopUITests.swift in Sources */,
			);
			runOnlyForDeploymentPostprocessing = 0;
		};
/* End PBXSourcesBuildPhase section */

/* Begin PBXTargetDependency section */
		949ED43F25779BDC00FB69C3 /* PBXTargetDependency */ = {
			isa = PBXTargetDependency;
			target = 949ED42625779BDB00FB69C3 /* SweetShop */;
			targetProxy = 949ED43E25779BDC00FB69C3 /* PBXContainerItemProxy */;
		};
		949ED44A25779BDC00FB69C3 /* PBXTargetDependency */ = {
			isa = PBXTargetDependency;
			target = 949ED42625779BDB00FB69C3 /* SweetShop */;
			targetProxy = 949ED44925779BDC00FB69C3 /* PBXContainerItemProxy */;
		};
/* End PBXTargetDependency section */

/* Begin PBXVariantGroup section */
		949ED43025779BDB00FB69C3 /* Main.storyboard */ = {
			isa = PBXVariantGroup;
			children = (
				949ED43125779BDB00FB69C3 /* Base */,
			);
			name = Main.storyboard;
			sourceTree = "<group>";
		};
		949ED43525779BDC00FB69C3 /* LaunchScreen.storyboard */ = {
			isa = PBXVariantGroup;
			children = (
				949ED43625779BDC00FB69C3 /* Base */,
			);
			name = LaunchScreen.storyboard;
			sourceTree = "<group>";
		};
/* End PBXVariantGroup section */

/* Begin XCBuildConfiguration section */
		949ED44F25779BDC00FB69C3 /* Debug */ = {
			isa = XCBuildConfiguration;
			buildSettings = {
				ALWAYS_SEARCH_USER_PATHS = NO;
				CLANG_ANALYZER_NONNULL = YES;
				CLANG_ANALYZER_NUMBER_OBJECT_CONVERSION = YES_AGGRESSIVE;
				CLANG_CXX_LANGUAGE_STANDARD = "gnu++14";
				CLANG_CXX_LIBRARY = "libc++";
				CLANG_ENABLE_MODULES = YES;
				CLANG_ENABLE_OBJC_ARC = YES;
				CLANG_ENABLE_OBJC_WEAK = YES;
				CLANG_WARN_BLOCK_CAPTURE_AUTORELEASING = YES;
				CLANG_WARN_BOOL_CONVERSION = YES;
				CLANG_WARN_COMMA = YES;
				CLANG_WARN_CONSTANT_CONVERSION = YES;
				CLANG_WARN_DEPRECATED_OBJC_IMPLEMENTATIONS = YES;
				CLANG_WARN_DIRECT_OBJC_ISA_USAGE = YES_ERROR;
				CLANG_WARN_DOCUMENTATION_COMMENTS = YES;
				CLANG_WARN_EMPTY_BODY = YES;
				CLANG_WARN_ENUM_CONVERSION = YES;
				CLANG_WARN_INFINITE_RECURSION = YES;
				CLANG_WARN_INT_CONVERSION = YES;
				CLANG_WARN_NON_LITERAL_NULL_CONVERSION = YES;
				CLANG_WARN_OBJC_IMPLICIT_RETAIN_SELF = YES;
				CLANG_WARN_OBJC_LITERAL_CONVERSION = YES;
				CLANG_WARN_OBJC_ROOT_CLASS = YES_ERROR;
				CLANG_WARN_QUOTED_INCLUDE_IN_FRAMEWORK_HEADER = YES;
				CLANG_WARN_RANGE_LOOP_ANALYSIS = YES;
				CLANG_WARN_STRICT_PROTOTYPES = YES;
				CLANG_WARN_SUSPICIOUS_MOVE = YES;
				CLANG_WARN_UNGUARDED_AVAILABILITY = YES_AGGRESSIVE;
				CLANG_WARN_UNREACHABLE_CODE = YES;
				CLANG_WARN__DUPLICATE_METHOD_MATCH = YES;
				COPY_PHASE_STRIP = NO;
				DEBUG_INFORMATION_FORMAT = dwarf;
				ENABLE_STRICT_OBJC_MSGSEND = YES;
				ENABLE_TESTABILITY = YES;
				GCC_C_LANGUAGE_STANDARD = gnu11;
				GCC_DYNAMIC_NO_PIC = NO;
				GCC_NO_COMMON_BLOCKS = YES;
				GCC_OPTIMIZATION_LEVEL = 0;
				GCC_PREPROCESSOR_DEFINITIONS = (
					"DEBUG=1",
					"$(inherited)",
				);
				GCC_WARN_64_TO_32_BIT_CONVERSION = YES;
				GCC_WARN_ABOUT_RETURN_TYPE = YES_ERROR;
				GCC_WARN_UNDECLARED_SELECTOR = YES;
				GCC_WARN_UNINITIALIZED_AUTOS = YES_AGGRESSIVE;
				GCC_WARN_UNUSED_FUNCTION = YES;
				GCC_WARN_UNUSED_VARIABLE = YES;
				IPHONEOS_DEPLOYMENT_TARGET = 14.2;
				MTL_ENABLE_DEBUG_INFO = INCLUDE_SOURCE;
				MTL_FAST_MATH = YES;
				ONLY_ACTIVE_ARCH = YES;
				SDKROOT = iphoneos;
				SWIFT_ACTIVE_COMPILATION_CONDITIONS = DEBUG;
				SWIFT_OPTIMIZATION_LEVEL = "-Onone";
			};
			name = Debug;
		};
		949ED45025779BDC00FB69C3 /* Release */ = {
			isa = XCBuildConfiguration;
			buildSettings = {
				ALWAYS_SEARCH_USER_PATHS = NO;
				CLANG_ANALYZER_NONNULL = YES;
				CLANG_ANALYZER_NUMBER_OBJECT_CONVERSION = YES_AGGRESSIVE;
				CLANG_CXX_LANGUAGE_STANDARD = "gnu++14";
				CLANG_CXX_LIBRARY = "libc++";
				CLANG_ENABLE_MODULES = YES;
				CLANG_ENABLE_OBJC_ARC = YES;
				CLANG_ENABLE_OBJC_WEAK = YES;
				CLANG_WARN_BLOCK_CAPTURE_AUTORELEASING = YES;
				CLANG_WARN_BOOL_CONVERSION = YES;
				CLANG_WARN_COMMA = YES;
				CLANG_WARN_CONSTANT_CONVERSION = YES;
				CLANG_WARN_DEPRECATED_OBJC_IMPLEMENTATIONS = YES;
				CLANG_WARN_DIRECT_OBJC_ISA_USAGE = YES_ERROR;
				CLANG_WARN_DOCUMENTATION_COMMENTS = YES;
				CLANG_WARN_EMPTY_BODY = YES;
				CLANG_WARN_ENUM_CONVERSION = YES;
				CLANG_WARN_INFINITE_RECURSION = YES;
				CLANG_WARN_INT_CONVERSION = YES;
				CLANG_WARN_NON_LITERAL_NULL_CONVERSION = YES;
				CLANG_WARN_OBJC_IMPLICIT_RETAIN_SELF = YES;
				CLANG_WARN_OBJC_LITERAL_CONVERSION = YES;
				CLANG_WARN_OBJC_ROOT_CLASS = YES_ERROR;
				CLANG_WARN_QUOTED_INCLUDE_IN_FRAMEWORK_HEADER = YES;
				CLANG_WARN_RANGE_LOOP_ANALYSIS = YES;
				CLANG_WARN_STRICT_PROTOTYPES = YES;
				CLANG_WARN_SUSPICIOUS_MOVE = YES;
				CLANG_WARN_UNGUARDED_AVAILABILITY = YES_AGGRESSIVE;
				CLANG_WARN_UNREACHABLE_CODE = YES;
				CLANG_WARN__DUPLICATE_METHOD_MATCH = YES;
				COPY_PHASE_STRIP = NO;
				DEBUG_INFORMATION_FORMAT = "dwarf-with-dsym";
				ENABLE_NS_ASSERTIONS = NO;
				ENABLE_STRICT_OBJC_MSGSEND = YES;
				GCC_C_LANGUAGE_STANDARD = gnu11;
				GCC_NO_COMMON_BLOCKS = YES;
				GCC_WARN_64_TO_32_BIT_CONVERSION = YES;
				GCC_WARN_ABOUT_RETURN_TYPE = YES_ERROR;
				GCC_WARN_UNDECLARED_SELECTOR = YES;
				GCC_WARN_UNINITIALIZED_AUTOS = YES_AGGRESSIVE;
				GCC_WARN_UNUSED_FUNCTION = YES;
				GCC_WARN_UNUSED_VARIABLE = YES;
				IPHONEOS_DEPLOYMENT_TARGET = 14.2;
				MTL_ENABLE_DEBUG_INFO = NO;
				MTL_FAST_MATH = YES;
				SDKROOT = iphoneos;
				SWIFT_COMPILATION_MODE = wholemodule;
				SWIFT_OPTIMIZATION_LEVEL = "-O";
				VALIDATE_PRODUCT = YES;
			};
			name = Release;
		};
		949ED45225779BDC00FB69C3 /* Debug */ = {
			isa = XCBuildConfiguration;
			buildSettings = {
				ASSETCATALOG_COMPILER_APPICON_NAME = AppIcon;
				ASSETCATALOG_COMPILER_GLOBAL_ACCENT_COLOR_NAME = AccentColor;
				CODE_SIGN_STYLE = Automatic;
				DEVELOPMENT_TEAM = RHSGW6TXJ8;
				INFOPLIST_FILE = SweetShop/Info.plist;
				LD_RUNPATH_SEARCH_PATHS = (
					"$(inherited)",
					"@executable_path/Frameworks",
				);
				PRODUCT_BUNDLE_IDENTIFIER = com.AlexanderGalkin.SweetShop;
				PRODUCT_NAME = "$(TARGET_NAME)";
				SWIFT_VERSION = 5.0;
				TARGETED_DEVICE_FAMILY = "1,2";
			};
			name = Debug;
		};
		949ED45325779BDC00FB69C3 /* Release */ = {
			isa = XCBuildConfiguration;
			buildSettings = {
				ASSETCATALOG_COMPILER_APPICON_NAME = AppIcon;
				ASSETCATALOG_COMPILER_GLOBAL_ACCENT_COLOR_NAME = AccentColor;
				CODE_SIGN_STYLE = Automatic;
				DEVELOPMENT_TEAM = RHSGW6TXJ8;
				INFOPLIST_FILE = SweetShop/Info.plist;
				LD_RUNPATH_SEARCH_PATHS = (
					"$(inherited)",
					"@executable_path/Frameworks",
				);
				PRODUCT_BUNDLE_IDENTIFIER = com.AlexanderGalkin.SweetShop;
				PRODUCT_NAME = "$(TARGET_NAME)";
				SWIFT_VERSION = 5.0;
				TARGETED_DEVICE_FAMILY = "1,2";
			};
			name = Release;
		};
		949ED45525779BDC00FB69C3 /* Debug */ = {
			isa = XCBuildConfiguration;
			buildSettings = {
				ALWAYS_EMBED_SWIFT_STANDARD_LIBRARIES = YES;
				BUNDLE_LOADER = "$(TEST_HOST)";
				CODE_SIGN_STYLE = Automatic;
				DEVELOPMENT_TEAM = RHSGW6TXJ8;
				INFOPLIST_FILE = SweetShopTests/Info.plist;
				IPHONEOS_DEPLOYMENT_TARGET = 14.2;
				LD_RUNPATH_SEARCH_PATHS = (
					"$(inherited)",
					"@executable_path/Frameworks",
					"@loader_path/Frameworks",
				);
				PRODUCT_BUNDLE_IDENTIFIER = com.AlexanderGalkin.SweetShopTests;
				PRODUCT_NAME = "$(TARGET_NAME)";
				SWIFT_VERSION = 5.0;
				TARGETED_DEVICE_FAMILY = "1,2";
				TEST_HOST = "$(BUILT_PRODUCTS_DIR)/SweetShop.app/SweetShop";
			};
			name = Debug;
		};
		949ED45625779BDC00FB69C3 /* Release */ = {
			isa = XCBuildConfiguration;
			buildSettings = {
				ALWAYS_EMBED_SWIFT_STANDARD_LIBRARIES = YES;
				BUNDLE_LOADER = "$(TEST_HOST)";
				CODE_SIGN_STYLE = Automatic;
				DEVELOPMENT_TEAM = RHSGW6TXJ8;
				INFOPLIST_FILE = SweetShopTests/Info.plist;
				IPHONEOS_DEPLOYMENT_TARGET = 14.2;
				LD_RUNPATH_SEARCH_PATHS = (
					"$(inherited)",
					"@executable_path/Frameworks",
					"@loader_path/Frameworks",
				);
				PRODUCT_BUNDLE_IDENTIFIER = com.AlexanderGalkin.SweetShopTests;
				PRODUCT_NAME = "$(TARGET_NAME)";
				SWIFT_VERSION = 5.0;
				TARGETED_DEVICE_FAMILY = "1,2";
				TEST_HOST = "$(BUILT_PRODUCTS_DIR)/SweetShop.app/SweetShop";
			};
			name = Release;
		};
		949ED45825779BDC00FB69C3 /* Debug */ = {
			isa = XCBuildConfiguration;
			buildSettings = {
				ALWAYS_EMBED_SWIFT_STANDARD_LIBRARIES = YES;
				CODE_SIGN_STYLE = Automatic;
				DEVELOPMENT_TEAM = RHSGW6TXJ8;
				INFOPLIST_FILE = SweetShopUITests/Info.plist;
				LD_RUNPATH_SEARCH_PATHS = (
					"$(inherited)",
					"@executable_path/Frameworks",
					"@loader_path/Frameworks",
				);
				PRODUCT_BUNDLE_IDENTIFIER = com.AlexanderGalkin.SweetShopUITests;
				PRODUCT_NAME = "$(TARGET_NAME)";
				SWIFT_VERSION = 5.0;
				TARGETED_DEVICE_FAMILY = "1,2";
				TEST_TARGET_NAME = SweetShop;
			};
			name = Debug;
		};
		949ED45925779BDC00FB69C3 /* Release */ = {
			isa = XCBuildConfiguration;
			buildSettings = {
				ALWAYS_EMBED_SWIFT_STANDARD_LIBRARIES = YES;
				CODE_SIGN_STYLE = Automatic;
				DEVELOPMENT_TEAM = RHSGW6TXJ8;
				INFOPLIST_FILE = SweetShopUITests/Info.plist;
				LD_RUNPATH_SEARCH_PATHS = (
					"$(inherited)",
					"@executable_path/Frameworks",
					"@loader_path/Frameworks",
				);
				PRODUCT_BUNDLE_IDENTIFIER = com.AlexanderGalkin.SweetShopUITests;
				PRODUCT_NAME = "$(TARGET_NAME)";
				SWIFT_VERSION = 5.0;
				TARGETED_DEVICE_FAMILY = "1,2";
				TEST_TARGET_NAME = SweetShop;
			};
			name = Release;
		};
/* End XCBuildConfiguration section */

/* Begin XCConfigurationList section */
		949ED42225779BDB00FB69C3 /* Build configuration list for PBXProject "SweetShop" */ = {
			isa = XCConfigurationList;
			buildConfigurations = (
				949ED44F25779BDC00FB69C3 /* Debug */,
				949ED45025779BDC00FB69C3 /* Release */,
			);
			defaultConfigurationIsVisible = 0;
			defaultConfigurationName = Release;
		};
		949ED45125779BDC00FB69C3 /* Build configuration list for PBXNativeTarget "SweetShop" */ = {
			isa = XCConfigurationList;
			buildConfigurations = (
				949ED45225779BDC00FB69C3 /* Debug */,
				949ED45325779BDC00FB69C3 /* Release */,
			);
			defaultConfigurationIsVisible = 0;
			defaultConfigurationName = Release;
		};
		949ED45425779BDC00FB69C3 /* Build configuration list for PBXNativeTarget "SweetShopTests" */ = {
			isa = XCConfigurationList;
			buildConfigurations = (
				949ED45525779BDC00FB69C3 /* Debug */,
				949ED45625779BDC00FB69C3 /* Release */,
			);
			defaultConfigurationIsVisible = 0;
			defaultConfigurationName = Release;
		};
		949ED45725779BDC00FB69C3 /* Build configuration list for PBXNativeTarget "SweetShopUITests" */ = {
			isa = XCConfigurationList;
			buildConfigurations = (
				949ED45825779BDC00FB69C3 /* Debug */,
				949ED45925779BDC00FB69C3 /* Release */,
			);
			defaultConfigurationIsVisible = 0;
			defaultConfigurationName = Release;
		};
/* End XCConfigurationList section */
	};
	rootObject = 949ED41F25779BDB00FB69C3 /* Project object */;
}
